# This file is autogenerated, do not edit; changes may be undone by the next 'dep ensure'.


[[projects]]
  name = "github.com/dgrijalva/jwt-go"
  packages = ["."]
  revision = "06ea1031745cb8b3dab3f6a236daf2b0aa468b7e"
  version = "v3.2.0"

[[projects]]
  name = "github.com/go-chi/chi"
  packages = [
    ".",
    "middleware"
  ]
  revision = "e83ac2304db3c50cf03d96a2fcd39009d458bc35"
  version = "v3.3.2"

[[projects]]
  name = "github.com/go-chi/jwtauth"
  packages = ["."]
  revision = "53a0a4877a0ead48e149be6b4ec9dd1b3c075eba"
  version = "v3.3.0"

[[projects]]
  name = "github.com/go-chi/render"
  packages = ["."]
  revision = "9f855fadd4b8cde7773f9ef51f6b2705af239519"
  version = "v1.0.0"

[[projects]]
  name = "github.com/joho/godotenv"
  packages = ["."]
  revision = "a79fa1e548e2c689c241d10173efd51e5d689d5b"
  version = "v1.2.0"

[[projects]]
  name = "github.com/rs/cors"
  packages = ["."]
  revision = "feef513b9575b32f84bafa580aad89b011259019"
  version = "v1.3.0"

[[projects]]
  branch = "master"
  name = "golang.org/x/crypto"
  packages = [
    "bcrypt",
    "blowfish"
  ]
  revision = "88942b9c40a4c9d203b82b3731787b672d6e809b"

[solve-meta]
  analyzer-name = "dep"
  analyzer-version = 1
  inputs-digest = "d96921f3fe54d45f7aaa0ef42ac537a3bd7b921f597c2a728f2103a1e16faedb"
  solver-name = "gps-cdcl"
  solver-version = 1
