# This file is autogenerated, do not edit; changes may be undone by the next 'dep ensure'.


[[projects]]
  name = "github.com/dgrijalva/jwt-go"
  packages = ["."]
  revision = "a539ee1a749a2b895533f979515ac7e6e0f5b650"

[[projects]]
  name = "github.com/go-chi/chi"
  packages = [".","middleware"]
  revision = "04ec7fc4179604b2390947258f9143eaae23b596"
  version = "v3.2.1"

[[projects]]
  name = "github.com/go-chi/jwtauth"
  packages = ["."]
  revision = "89031fb71dd3b0a94441f1e830abfd2f9606b44b"

[[projects]]
  name = "github.com/go-chi/render"
  packages = ["."]
  revision = "9f855fadd4b8cde7773f9ef51f6b2705af239519"
  version = "v1.0.0"

[[projects]]
  name = "github.com/smarthut/laurent112"
  packages = ["."]
  revision = "a0feddc944807ee44ac97bc1749b43eab34cd4a1"
  version = "v1.0.0"

[[projects]]
  branch = "master"
  name = "golang.org/x/crypto"
  packages = ["bcrypt","blowfish"]
  revision = "7d9177d70076375b9a59c8fde23d52d9c4a7ecd5"

[solve-meta]
  analyzer-name = "dep"
  analyzer-version = 1
  inputs-digest = "71a9814c3349dba2c038d57ae66bd16e85bacd22873762d0e8d40eb505e59959"
  solver-name = "gps-cdcl"
  solver-version = 1
